
Microsoft Visual Studio Solution File, Format Version 12.00
# Visual Studio Version 16
VisualStudioVersion = 16.0.30907.101
MinimumVisualStudioVersion = 10.0.40219.1
Project("{FAE04EC0-301F-11D3-BF4B-00C04F79EFBC}") = "Tetris", "Tetris\Tetris.csproj", "{DE9FAECF-DD09-4534-A704-7793391056EA}"
EndProject
Global
	GlobalSection(SolutionConfigurationPlatforms) = preSolution
		Debug|Any CPU = Debug|Any CPU
		Release|Any CPU = Release|Any CPU
	EndGlobalSection
	GlobalSection(ProjectConfigurationPlatforms) = postSolution
		{DE9FAECF-DD09-4534-A704-7793391056EA}.Debug|Any CPU.ActiveCfg = Debug|Any CPU
		{DE9FAECF-DD09-4534-A704-7793391056EA}.Debug|Any CPU.Build.0 = Debug|Any CPU
		{DE9FAECF-DD09-4534-A704-7793391056EA}.Release|Any CPU.ActiveCfg = Release|Any CPU
		{DE9FAECF-DD09-4534-A704-7793391056EA}.Release|Any CPU.Build.0 = Release|Any CPU
	EndGlobalSection
	GlobalSection(SolutionProperties) = preSolution
		HideSolutionNode = FALSE
	EndGlobalSection
	GlobalSection(ExtensibilityGlobals) = postSolution
		SolutionGuid = {5DADEBC7-CC85-4C98-97E0-393FB27BBC16}
	EndGlobalSection
EndGlobal
